
Microsoft Visual Studio Solution File, Format Version 12.00
# Visual Studio Version 16
VisualStudioVersion = 16.0.29613.14
MinimumVisualStudioVersion = 10.0.40219.1
Project("{FAE04EC0-301F-11D3-BF4B-00C04F79EFBC}") = "TranslationTexts", "TranslationTexts\TranslationTexts.csproj", "{3D759CB7-F934-4B79-8526-156762BFA122}"
EndProject
Project("{FAE04EC0-301F-11D3-BF4B-00C04F79EFBC}") = "TranslatorAPI", "TranslatorAPI\TranslatorAPI.csproj", "{5C6C1B71-845E-4824-B671-2CB62D1C1EF7}"
EndProject
Global
	GlobalSection(SolutionConfigurationPlatforms) = preSolution
		Debug|Any CPU = Debug|Any CPU
		Release|Any CPU = Release|Any CPU
	EndGlobalSection
	GlobalSection(ProjectConfigurationPlatforms) = postSolution
		{3D759CB7-F934-4B79-8526-156762BFA122}.Debug|Any CPU.ActiveCfg = Debug|Any CPU
		{3D759CB7-F934-4B79-8526-156762BFA122}.Debug|Any CPU.Build.0 = Debug|Any CPU
		{3D759CB7-F934-4B79-8526-156762BFA122}.Release|Any CPU.ActiveCfg = Release|Any CPU
		{3D759CB7-F934-4B79-8526-156762BFA122}.Release|Any CPU.Build.0 = Release|Any CPU
		{5C6C1B71-845E-4824-B671-2CB62D1C1EF7}.Debug|Any CPU.ActiveCfg = Debug|Any CPU
		{5C6C1B71-845E-4824-B671-2CB62D1C1EF7}.Debug|Any CPU.Build.0 = Debug|Any CPU
		{5C6C1B71-845E-4824-B671-2CB62D1C1EF7}.Release|Any CPU.ActiveCfg = Release|Any CPU
		{5C6C1B71-845E-4824-B671-2CB62D1C1EF7}.Release|Any CPU.Build.0 = Release|Any CPU
	EndGlobalSection
	GlobalSection(SolutionProperties) = preSolution
		HideSolutionNode = FALSE
	EndGlobalSection
	GlobalSection(ExtensibilityGlobals) = postSolution
		SolutionGuid = {F1A5750E-36F7-424B-A404-1D383B06D3D1}
	EndGlobalSection
EndGlobal
